
Microsoft Visual Studio Solution File, Format Version 12.00
# Visual Studio 15
VisualStudioVersion = 15.0.28307.645
MinimumVisualStudioVersion = 10.0.40219.1
Project("{FAE04EC0-301F-11D3-BF4B-00C04F79EFBC}") = "Project02", "Project02\Project02.csproj", "{C7113A80-447F-43BC-8F18-853876FF2914}"
EndProject
Global
	GlobalSection(SolutionConfigurationPlatforms) = preSolution
		Debug|Any CPU = Debug|Any CPU
		Release|Any CPU = Release|Any CPU
	EndGlobalSection
	GlobalSection(ProjectConfigurationPlatforms) = postSolution
		{C7113A80-447F-43BC-8F18-853876FF2914}.Debug|Any CPU.ActiveCfg = Debug|Any CPU
		{C7113A80-447F-43BC-8F18-853876FF2914}.Debug|Any CPU.Build.0 = Debug|Any CPU
		{C7113A80-447F-43BC-8F18-853876FF2914}.Release|Any CPU.ActiveCfg = Release|Any CPU
		{C7113A80-447F-43BC-8F18-853876FF2914}.Release|Any CPU.Build.0 = Release|Any CPU
	EndGlobalSection
	GlobalSection(SolutionProperties) = preSolution
		HideSolutionNode = FALSE
	EndGlobalSection
	GlobalSection(ExtensibilityGlobals) = postSolution
		SolutionGuid = {3850CCF2-B410-42DD-AE3A-6443B21E859D}
	EndGlobalSection
EndGlobal
